
Microsoft Visual Studio Solution File, Format Version 12.00
# Visual Studio Version 17
VisualStudioVersion = 17.7.34221.43
MinimumVisualStudioVersion = 10.0.40219.1
Project("{8BC9CEB8-8B4A-11D0-8D11-00A0C91BC942}") = "CL3", "CL3\CL3.vcxproj", "{422AA8D8-59B0-4C40-A017-91C48820C1C1}"
EndProject
Project("{8BC9CEB8-8B4A-11D0-8D11-00A0C91BC942}") = "CL3p2", "CL3p2\CL3p2.vcxproj", "{A8B7D15D-C480-4F08-8FAC-1263A6936AE3}"
EndProject
Project("{8BC9CEB8-8B4A-11D0-8D11-00A0C91BC942}") = "CL4", "CL4\CL4.vcxproj", "{5EC31168-522A-4AF3-9B30-388A88EBBC0D}"
EndProject
Project("{8BC9CEB8-8B4A-11D0-8D11-00A0C91BC942}") = "!testing", "!testing\!testing.vcxproj", "{1C53FC82-A595-4113-B4CA-3A3DFCA05C07}"
EndProject
Project("{8BC9CEB8-8B4A-11D0-8D11-00A0C91BC942}") = "CL5", "CL5\CL5.vcxproj", "{3BBE743D-1F21-4B1D-8E6F-D236C64D6B35}"
EndProject
Project("{8BC9CEB8-8B4A-11D0-8D11-00A0C91BC942}") = "CL6", "CL6\CL6.vcxproj", "{80BCD6D0-6B46-4704-A43F-5278A9C0BD12}"
EndProject
Project("{8BC9CEB8-8B4A-11D0-8D11-00A0C91BC942}") = "HW5", "HW5\HW5.vcxproj", "{CC624989-DA1F-4652-98C9-F5DC8506472F}"
EndProject
Project("{8BC9CEB8-8B4A-11D0-8D11-00A0C91BC942}") = "CL7", "CL7\CL7.vcxproj", "{48FF25B7-B2CB-40B8-948B-A1B512A67F2A}"
EndProject
Project("{8BC9CEB8-8B4A-11D0-8D11-00A0C91BC942}") = "CL8", "CL8\CL8.vcxproj", "{E692C4DF-D1B2-436C-A455-E9C03A87DAE7}"
EndProject
Project("{8BC9CEB8-8B4A-11D0-8D11-00A0C91BC942}") = "CL9", "CL9\CL9.vcxproj", "{A832D55A-243B-4A71-8C81-F2422EA0098B}"
EndProject
Project("{8BC9CEB8-8B4A-11D0-8D11-00A0C91BC942}") = "CL9.2", "CL9.2\CL9.2.vcxproj", "{7BBCEF86-A6D6-44D9-B127-873A4784CBFA}"
EndProject
Project("{8BC9CEB8-8B4A-11D0-8D11-00A0C91BC942}") = "CL10", "CL10\CL10.vcxproj", "{C51517EC-5127-4F85-AD71-9368F3C4CCBE}"
EndProject
Project("{8BC9CEB8-8B4A-11D0-8D11-00A0C91BC942}") = "CL11", "CL11\CL11.vcxproj", "{AAC54CCE-FECC-4D8C-862A-B74EAF53A83D}"
EndProject
Project("{8BC9CEB8-8B4A-11D0-8D11-00A0C91BC942}") = "CL12", "CL12\CL12.vcxproj", "{CA474A8B-22EB-402B-87A7-1BFDB4239235}"
EndProject
Project("{8BC9CEB8-8B4A-11D0-8D11-00A0C91BC942}") = "CL13", "CL13\CL13.vcxproj", "{B07F4C24-4848-4CF9-B57B-2E7D3B09AC3A}"
EndProject
Project("{8BC9CEB8-8B4A-11D0-8D11-00A0C91BC942}") = "CL14", "CL14\CL14.vcxproj", "{852F1AE4-5094-43E4-94A6-F2731092BE64}"
EndProject
Project("{8BC9CEB8-8B4A-11D0-8D11-00A0C91BC942}") = "CL15", "CL15\CL15.vcxproj", "{4E222113-C691-4311-80D1-D0B74BADDE43}"
EndProject
Project("{8BC9CEB8-8B4A-11D0-8D11-00A0C91BC942}") = "CL16", "CL16\CL16.vcxproj", "{E6353DBC-0ED3-4ACA-85F3-C5E31EEDD0B2}"
EndProject
Project("{8BC9CEB8-8B4A-11D0-8D11-00A0C91BC942}") = "CL17", "CL17\CL17.vcxproj", "{B2C645D7-8F9B-46A6-B3E4-9525E12281A4}"
EndProject
Project("{8BC9CEB8-8B4A-11D0-8D11-00A0C91BC942}") = "CL18", "CL18\CL18.vcxproj", "{043F5956-0262-4763-9E06-EC8898089A33}"
EndProject
Project("{8BC9CEB8-8B4A-11D0-8D11-00A0C91BC942}") = "CL19", "CL19\CL19.vcxproj", "{C7DC230A-0A7D-40D6-9DF1-0D477A694CCD}"
EndProject
Project("{8BC9CEB8-8B4A-11D0-8D11-00A0C91BC942}") = "CL20", "CL20\CL20.vcxproj", "{0C59D5E3-28D3-454B-B2D4-DAE551593BCF}"
EndProject
Global
	GlobalSection(SolutionConfigurationPlatforms) = preSolution
		Debug|x64 = Debug|x64
		Debug|x86 = Debug|x86
		Release|x64 = Release|x64
		Release|x86 = Release|x86
	EndGlobalSection
	GlobalSection(ProjectConfigurationPlatforms) = postSolution
		{422AA8D8-59B0-4C40-A017-91C48820C1C1}.Debug|x64.ActiveCfg = Debug|x64
		{422AA8D8-59B0-4C40-A017-91C48820C1C1}.Debug|x64.Build.0 = Debug|x64
		{422AA8D8-59B0-4C40-A017-91C48820C1C1}.Debug|x86.ActiveCfg = Debug|Win32
		{422AA8D8-59B0-4C40-A017-91C48820C1C1}.Debug|x86.Build.0 = Debug|Win32
		{422AA8D8-59B0-4C40-A017-91C48820C1C1}.Release|x64.ActiveCfg = Release|x64
		{422AA8D8-59B0-4C40-A017-91C48820C1C1}.Release|x64.Build.0 = Release|x64
		{422AA8D8-59B0-4C40-A017-91C48820C1C1}.Release|x86.ActiveCfg = Release|Win32
		{422AA8D8-59B0-4C40-A017-91C48820C1C1}.Release|x86.Build.0 = Release|Win32
		{A8B7D15D-C480-4F08-8FAC-1263A6936AE3}.Debug|x64.ActiveCfg = Debug|x64
		{A8B7D15D-C480-4F08-8FAC-1263A6936AE3}.Debug|x64.Build.0 = Debug|x64
		{A8B7D15D-C480-4F08-8FAC-1263A6936AE3}.Debug|x86.ActiveCfg = Debug|Win32
		{A8B7D15D-C480-4F08-8FAC-1263A6936AE3}.Debug|x86.Build.0 = Debug|Win32
		{A8B7D15D-C480-4F08-8FAC-1263A6936AE3}.Release|x64.ActiveCfg = Release|x64
		{A8B7D15D-C480-4F08-8FAC-1263A6936AE3}.Release|x64.Build.0 = Release|x64
		{A8B7D15D-C480-4F08-8FAC-1263A6936AE3}.Release|x86.ActiveCfg = Release|Win32
		{A8B7D15D-C480-4F08-8FAC-1263A6936AE3}.Release|x86.Build.0 = Release|Win32
		{5EC31168-522A-4AF3-9B30-388A88EBBC0D}.Debug|x64.ActiveCfg = Debug|x64
		{5EC31168-522A-4AF3-9B30-388A88EBBC0D}.Debug|x64.Build.0 = Debug|x64
		{5EC31168-522A-4AF3-9B30-388A88EBBC0D}.Debug|x86.ActiveCfg = Debug|Win32
		{5EC31168-522A-4AF3-9B30-388A88EBBC0D}.Debug|x86.Build.0 = Debug|Win32
		{5EC31168-522A-4AF3-9B30-388A88EBBC0D}.Release|x64.ActiveCfg = Release|x64
		{5EC31168-522A-4AF3-9B30-388A88EBBC0D}.Release|x64.Build.0 = Release|x64
		{5EC31168-522A-4AF3-9B30-388A88EBBC0D}.Release|x86.ActiveCfg = Release|Win32
		{5EC31168-522A-4AF3-9B30-388A88EBBC0D}.Release|x86.Build.0 = Release|Win32
		{1C53FC82-A595-4113-B4CA-3A3DFCA05C07}.Debug|x64.ActiveCfg = Debug|x64
		{1C53FC82-A595-4113-B4CA-3A3DFCA05C07}.Debug|x64.Build.0 = Debug|x64
		{1C53FC82-A595-4113-B4CA-3A3DFCA05C07}.Debug|x86.ActiveCfg = Debug|Win32
		{1C53FC82-A595-4113-B4CA-3A3DFCA05C07}.Debug|x86.Build.0 = Debug|Win32
		{1C53FC82-A595-4113-B4CA-3A3DFCA05C07}.Release|x64.ActiveCfg = Release|x64
		{1C53FC82-A595-4113-B4CA-3A3DFCA05C07}.Release|x64.Build.0 = Release|x64
		{1C53FC82-A595-4113-B4CA-3A3DFCA05C07}.Release|x86.ActiveCfg = Release|Win32
		{1C53FC82-A595-4113-B4CA-3A3DFCA05C07}.Release|x86.Build.0 = Release|Win32
		{3BBE743D-1F21-4B1D-8E6F-D236C64D6B35}.Debug|x64.ActiveCfg = Debug|x64
		{3BBE743D-1F21-4B1D-8E6F-D236C64D6B35}.Debug|x64.Build.0 = Debug|x64
		{3BBE743D-1F21-4B1D-8E6F-D236C64D6B35}.Debug|x86.ActiveCfg = Debug|Win32
		{3BBE743D-1F21-4B1D-8E6F-D236C64D6B35}.Debug|x86.Build.0 = Debug|Win32
		{3BBE743D-1F21-4B1D-8E6F-D236C64D6B35}.Release|x64.ActiveCfg = Release|x64
		{3BBE743D-1F21-4B1D-8E6F-D236C64D6B35}.Release|x64.Build.0 = Release|x64
		{3BBE743D-1F21-4B1D-8E6F-D236C64D6B35}.Release|x86.ActiveCfg = Release|Win32
		{3BBE743D-1F21-4B1D-8E6F-D236C64D6B35}.Release|x86.Build.0 = Release|Win32
		{80BCD6D0-6B46-4704-A43F-5278A9C0BD12}.Debug|x64.ActiveCfg = Debug|x64
		{80BCD6D0-6B46-4704-A43F-5278A9C0BD12}.Debug|x64.Build.0 = Debug|x64
		{80BCD6D0-6B46-4704-A43F-5278A9C0BD12}.Debug|x86.ActiveCfg = Debug|Win32
		{80BCD6D0-6B46-4704-A43F-5278A9C0BD12}.Debug|x86.Build.0 = Debug|Win32
		{80BCD6D0-6B46-4704-A43F-5278A9C0BD12}.Release|x64.ActiveCfg = Release|x64
		{80BCD6D0-6B46-4704-A43F-5278A9C0BD12}.Release|x64.Build.0 = Release|x64
		{80BCD6D0-6B46-4704-A43F-5278A9C0BD12}.Release|x86.ActiveCfg = Release|Win32
		{80BCD6D0-6B46-4704-A43F-5278A9C0BD12}.Release|x86.Build.0 = Release|Win32
		{CC624989-DA1F-4652-98C9-F5DC8506472F}.Debug|x64.ActiveCfg = Debug|x64
		{CC624989-DA1F-4652-98C9-F5DC8506472F}.Debug|x64.Build.0 = Debug|x64
		{CC624989-DA1F-4652-98C9-F5DC8506472F}.Debug|x86.ActiveCfg = Debug|Win32
		{CC624989-DA1F-4652-98C9-F5DC8506472F}.Debug|x86.Build.0 = Debug|Win32
		{CC624989-DA1F-4652-98C9-F5DC8506472F}.Release|x64.ActiveCfg = Release|x64
		{CC624989-DA1F-4652-98C9-F5DC8506472F}.Release|x64.Build.0 = Release|x64
		{CC624989-DA1F-4652-98C9-F5DC8506472F}.Release|x86.ActiveCfg = Release|Win32
		{CC624989-DA1F-4652-98C9-F5DC8506472F}.Release|x86.Build.0 = Release|Win32
		{48FF25B7-B2CB-40B8-948B-A1B512A67F2A}.Debug|x64.ActiveCfg = Debug|x64
		{48FF25B7-B2CB-40B8-948B-A1B512A67F2A}.Debug|x64.Build.0 = Debug|x64
		{48FF25B7-B2CB-40B8-948B-A1B512A67F2A}.Debug|x86.ActiveCfg = Debug|Win32
		{48FF25B7-B2CB-40B8-948B-A1B512A67F2A}.Debug|x86.Build.0 = Debug|Win32
		{48FF25B7-B2CB-40B8-948B-A1B512A67F2A}.Release|x64.ActiveCfg = Release|x64
		{48FF25B7-B2CB-40B8-948B-A1B512A67F2A}.Release|x64.Build.0 = Release|x64
		{48FF25B7-B2CB-40B8-948B-A1B512A67F2A}.Release|x86.ActiveCfg = Release|Win32
		{48FF25B7-B2CB-40B8-948B-A1B512A67F2A}.Release|x86.Build.0 = Release|Win32
		{E692C4DF-D1B2-436C-A455-E9C03A87DAE7}.Debug|x64.ActiveCfg = Debug|x64
		{E692C4DF-D1B2-436C-A455-E9C03A87DAE7}.Debug|x64.Build.0 = Debug|x64
		{E692C4DF-D1B2-436C-A455-E9C03A87DAE7}.Debug|x86.ActiveCfg = Debug|Win32
		{E692C4DF-D1B2-436C-A455-E9C03A87DAE7}.Debug|x86.Build.0 = Debug|Win32
		{E692C4DF-D1B2-436C-A455-E9C03A87DAE7}.Release|x64.ActiveCfg = Release|x64
		{E692C4DF-D1B2-436C-A455-E9C03A87DAE7}.Release|x64.Build.0 = Release|x64
		{E692C4DF-D1B2-436C-A455-E9C03A87DAE7}.Release|x86.ActiveCfg = Release|Win32
		{E692C4DF-D1B2-436C-A455-E9C03A87DAE7}.Release|x86.Build.0 = Release|Win32
		{A832D55A-243B-4A71-8C81-F2422EA0098B}.Debug|x64.ActiveCfg = Debug|x64
		{A832D55A-243B-4A71-8C81-F2422EA0098B}.Debug|x64.Build.0 = Debug|x64
		{A832D55A-243B-4A71-8C81-F2422EA0098B}.Debug|x86.ActiveCfg = Debug|Win32
		{A832D55A-243B-4A71-8C81-F2422EA0098B}.Debug|x86.Build.0 = Debug|Win32
		{A832D55A-243B-4A71-8C81-F2422EA0098B}.Release|x64.ActiveCfg = Release|x64
		{A832D55A-243B-4A71-8C81-F2422EA0098B}.Release|x64.Build.0 = Release|x64
		{A832D55A-243B-4A71-8C81-F2422EA0098B}.Release|x86.ActiveCfg = Release|Win32
		{A832D55A-243B-4A71-8C81-F2422EA0098B}.Release|x86.Build.0 = Release|Win32
		{7BBCEF86-A6D6-44D9-B127-873A4784CBFA}.Debug|x64.ActiveCfg = Debug|x64
		{7BBCEF86-A6D6-44D9-B127-873A4784CBFA}.Debug|x64.Build.0 = Debug|x64
		{7BBCEF86-A6D6-44D9-B127-873A4784CBFA}.Debug|x86.ActiveCfg = Debug|Win32
		{7BBCEF86-A6D6-44D9-B127-873A4784CBFA}.Debug|x86.Build.0 = Debug|Win32
		{7BBCEF86-A6D6-44D9-B127-873A4784CBFA}.Release|x64.ActiveCfg = Release|x64
		{7BBCEF86-A6D6-44D9-B127-873A4784CBFA}.Release|x64.Build.0 = Release|x64
		{7BBCEF86-A6D6-44D9-B127-873A4784CBFA}.Release|x86.ActiveCfg = Release|Win32
		{7BBCEF86-A6D6-44D9-B127-873A4784CBFA}.Release|x86.Build.0 = Release|Win32
		{C51517EC-5127-4F85-AD71-9368F3C4CCBE}.Debug|x64.ActiveCfg = Debug|x64
		{C51517EC-5127-4F85-AD71-9368F3C4CCBE}.Debug|x64.Build.0 = Debug|x64
		{C51517EC-5127-4F85-AD71-9368F3C4CCBE}.Debug|x86.ActiveCfg = Debug|Win32
		{C51517EC-5127-4F85-AD71-9368F3C4CCBE}.Debug|x86.Build.0 = Debug|Win32
		{C51517EC-5127-4F85-AD71-9368F3C4CCBE}.Release|x64.ActiveCfg = Release|x64
		{C51517EC-5127-4F85-AD71-9368F3C4CCBE}.Release|x64.Build.0 = Release|x64
		{C51517EC-5127-4F85-AD71-9368F3C4CCBE}.Release|x86.ActiveCfg = Release|Win32
		{C51517EC-5127-4F85-AD71-9368F3C4CCBE}.Release|x86.Build.0 = Release|Win32
		{AAC54CCE-FECC-4D8C-862A-B74EAF53A83D}.Debug|x64.ActiveCfg = Debug|x64
		{AAC54CCE-FECC-4D8C-862A-B74EAF53A83D}.Debug|x64.Build.0 = Debug|x64
		{AAC54CCE-FECC-4D8C-862A-B74EAF53A83D}.Debug|x86.ActiveCfg = Debug|Win32
		{AAC54CCE-FECC-4D8C-862A-B74EAF53A83D}.Debug|x86.Build.0 = Debug|Win32
		{AAC54CCE-FECC-4D8C-862A-B74EAF53A83D}.Release|x64.ActiveCfg = Release|x64
		{AAC54CCE-FECC-4D8C-862A-B74EAF53A83D}.Release|x64.Build.0 = Release|x64
		{AAC54CCE-FECC-4D8C-862A-B74EAF53A83D}.Release|x86.ActiveCfg = Release|Win32
		{AAC54CCE-FECC-4D8C-862A-B74EAF53A83D}.Release|x86.Build.0 = Release|Win32
		{CA474A8B-22EB-402B-87A7-1BFDB4239235}.Debug|x64.ActiveCfg = Debug|x64
		{CA474A8B-22EB-402B-87A7-1BFDB4239235}.Debug|x64.Build.0 = Debug|x64
		{CA474A8B-22EB-402B-87A7-1BFDB4239235}.Debug|x86.ActiveCfg = Debug|Win32
		{CA474A8B-22EB-402B-87A7-1BFDB4239235}.Debug|x86.Build.0 = Debug|Win32
		{CA474A8B-22EB-402B-87A7-1BFDB4239235}.Release|x64.ActiveCfg = Release|x64
		{CA474A8B-22EB-402B-87A7-1BFDB4239235}.Release|x64.Build.0 = Release|x64
		{CA474A8B-22EB-402B-87A7-1BFDB4239235}.Release|x86.ActiveCfg = Release|Win32
		{CA474A8B-22EB-402B-87A7-1BFDB4239235}.Release|x86.Build.0 = Release|Win32
		{B07F4C24-4848-4CF9-B57B-2E7D3B09AC3A}.Debug|x64.ActiveCfg = Debug|x64
		{B07F4C24-4848-4CF9-B57B-2E7D3B09AC3A}.Debug|x64.Build.0 = Debug|x64
		{B07F4C24-4848-4CF9-B57B-2E7D3B09AC3A}.Debug|x86.ActiveCfg = Debug|Win32
		{B07F4C24-4848-4CF9-B57B-2E7D3B09AC3A}.Debug|x86.Build.0 = Debug|Win32
		{B07F4C24-4848-4CF9-B57B-2E7D3B09AC3A}.Release|x64.ActiveCfg = Release|x64
		{B07F4C24-4848-4CF9-B57B-2E7D3B09AC3A}.Release|x64.Build.0 = Release|x64
		{B07F4C24-4848-4CF9-B57B-2E7D3B09AC3A}.Release|x86.ActiveCfg = Release|Win32
		{B07F4C24-4848-4CF9-B57B-2E7D3B09AC3A}.Release|x86.Build.0 = Release|Win32
		{852F1AE4-5094-43E4-94A6-F2731092BE64}.Debug|x64.ActiveCfg = Debug|x64
		{852F1AE4-5094-43E4-94A6-F2731092BE64}.Debug|x64.Build.0 = Debug|x64
		{852F1AE4-5094-43E4-94A6-F2731092BE64}.Debug|x86.ActiveCfg = Debug|Win32
		{852F1AE4-5094-43E4-94A6-F2731092BE64}.Debug|x86.Build.0 = Debug|Win32
		{852F1AE4-5094-43E4-94A6-F2731092BE64}.Release|x64.ActiveCfg = Release|x64
		{852F1AE4-5094-43E4-94A6-F2731092BE64}.Release|x64.Build.0 = Release|x64
		{852F1AE4-5094-43E4-94A6-F2731092BE64}.Release|x86.ActiveCfg = Release|Win32
		{852F1AE4-5094-43E4-94A6-F2731092BE64}.Release|x86.Build.0 = Release|Win32
		{4E222113-C691-4311-80D1-D0B74BADDE43}.Debug|x64.ActiveCfg = Debug|x64
		{4E222113-C691-4311-80D1-D0B74BADDE43}.Debug|x64.Build.0 = Debug|x64
		{4E222113-C691-4311-80D1-D0B74BADDE43}.Debug|x86.ActiveCfg = Debug|Win32
		{4E222113-C691-4311-80D1-D0B74BADDE43}.Debug|x86.Build.0 = Debug|Win32
		{4E222113-C691-4311-80D1-D0B74BADDE43}.Release|x64.ActiveCfg = Release|x64
		{4E222113-C691-4311-80D1-D0B74BADDE43}.Release|x64.Build.0 = Release|x64
		{4E222113-C691-4311-80D1-D0B74BADDE43}.Release|x86.ActiveCfg = Release|Win32
		{4E222113-C691-4311-80D1-D0B74BADDE43}.Release|x86.Build.0 = Release|Win32
		{E6353DBC-0ED3-4ACA-85F3-C5E31EEDD0B2}.Debug|x64.ActiveCfg = Debug|x64
		{E6353DBC-0ED3-4ACA-85F3-C5E31EEDD0B2}.Debug|x64.Build.0 = Debug|x64
		{E6353DBC-0ED3-4ACA-85F3-C5E31EEDD0B2}.Debug|x86.ActiveCfg = Debug|Win32
		{E6353DBC-0ED3-4ACA-85F3-C5E31EEDD0B2}.Debug|x86.Build.0 = Debug|Win32
		{E6353DBC-0ED3-4ACA-85F3-C5E31EEDD0B2}.Release|x64.ActiveCfg = Release|x64
		{E6353DBC-0ED3-4ACA-85F3-C5E31EEDD0B2}.Release|x64.Build.0 = Release|x64
		{E6353DBC-0ED3-4ACA-85F3-C5E31EEDD0B2}.Release|x86.ActiveCfg = Release|Win32
		{E6353DBC-0ED3-4ACA-85F3-C5E31EEDD0B2}.Release|x86.Build.0 = Release|Win32
		{B2C645D7-8F9B-46A6-B3E4-9525E12281A4}.Debug|x64.ActiveCfg = Debug|x64
		{B2C645D7-8F9B-46A6-B3E4-9525E12281A4}.Debug|x64.Build.0 = Debug|x64
		{B2C645D7-8F9B-46A6-B3E4-9525E12281A4}.Debug|x86.ActiveCfg = Debug|Win32
		{B2C645D7-8F9B-46A6-B3E4-9525E12281A4}.Debug|x86.Build.0 = Debug|Win32
		{B2C645D7-8F9B-46A6-B3E4-9525E12281A4}.Release|x64.ActiveCfg = Release|x64
		{B2C645D7-8F9B-46A6-B3E4-9525E12281A4}.Release|x64.Build.0 = Release|x64
		{B2C645D7-8F9B-46A6-B3E4-9525E12281A4}.Release|x86.ActiveCfg = Release|Win32
		{B2C645D7-8F9B-46A6-B3E4-9525E12281A4}.Release|x86.Build.0 = Release|Win32
		{043F5956-0262-4763-9E06-EC8898089A33}.Debug|x64.ActiveCfg = Debug|x64
		{043F5956-0262-4763-9E06-EC8898089A33}.Debug|x64.Build.0 = Debug|x64
		{043F5956-0262-4763-9E06-EC8898089A33}.Debug|x86.ActiveCfg = Debug|Win32
		{043F5956-0262-4763-9E06-EC8898089A33}.Debug|x86.Build.0 = Debug|Win32
		{043F5956-0262-4763-9E06-EC8898089A33}.Release|x64.ActiveCfg = Release|x64
		{043F5956-0262-4763-9E06-EC8898089A33}.Release|x64.Build.0 = Release|x64
		{043F5956-0262-4763-9E06-EC8898089A33}.Release|x86.ActiveCfg = Release|Win32
		{043F5956-0262-4763-9E06-EC8898089A33}.Release|x86.Build.0 = Release|Win32
		{C7DC230A-0A7D-40D6-9DF1-0D477A694CCD}.Debug|x64.ActiveCfg = Debug|x64
		{C7DC230A-0A7D-40D6-9DF1-0D477A694CCD}.Debug|x64.Build.0 = Debug|x64
		{C7DC230A-0A7D-40D6-9DF1-0D477A694CCD}.Debug|x86.ActiveCfg = Debug|Win32
		{C7DC230A-0A7D-40D6-9DF1-0D477A694CCD}.Debug|x86.Build.0 = Debug|Win32
		{C7DC230A-0A7D-40D6-9DF1-0D477A694CCD}.Release|x64.ActiveCfg = Release|x64
		{C7DC230A-0A7D-40D6-9DF1-0D477A694CCD}.Release|x64.Build.0 = Release|x64
		{C7DC230A-0A7D-40D6-9DF1-0D477A694CCD}.Release|x86.ActiveCfg = Release|Win32
		{C7DC230A-0A7D-40D6-9DF1-0D477A694CCD}.Release|x86.Build.0 = Release|Win32
		{0C59D5E3-28D3-454B-B2D4-DAE551593BCF}.Debug|x64.ActiveCfg = Debug|x64
		{0C59D5E3-28D3-454B-B2D4-DAE551593BCF}.Debug|x64.Build.0 = Debug|x64
		{0C59D5E3-28D3-454B-B2D4-DAE551593BCF}.Debug|x86.ActiveCfg = Debug|Win32
		{0C59D5E3-28D3-454B-B2D4-DAE551593BCF}.Debug|x86.Build.0 = Debug|Win32
		{0C59D5E3-28D3-454B-B2D4-DAE551593BCF}.Release|x64.ActiveCfg = Release|x64
		{0C59D5E3-28D3-454B-B2D4-DAE551593BCF}.Release|x64.Build.0 = Release|x64
		{0C59D5E3-28D3-454B-B2D4-DAE551593BCF}.Release|x86.ActiveCfg = Release|Win32
		{0C59D5E3-28D3-454B-B2D4-DAE551593BCF}.Release|x86.Build.0 = Release|Win32
	EndGlobalSection
	GlobalSection(SolutionProperties) = preSolution
		HideSolutionNode = FALSE
	EndGlobalSection
	GlobalSection(ExtensibilityGlobals) = postSolution
		SolutionGuid = {2D8D3FE2-236A-40E6-AD68-254E8B91916E}
	EndGlobalSection
EndGlobal
