
Microsoft Visual Studio Solution File, Format Version 12.00
# Visual Studio Version 17
VisualStudioVersion = 17.7.34221.43
MinimumVisualStudioVersion = 10.0.40219.1
Project("{8BC9CEB8-8B4A-11D0-8D11-00A0C91BC942}") = "CL3", "CL3\CL3.vcxproj", "{422AA8D8-59B0-4C40-A017-91C48820C1C1}"
EndProject
Project("{8BC9CEB8-8B4A-11D0-8D11-00A0C91BC942}") = "CL3p2", "CL3p2\CL3p2.vcxproj", "{A8B7D15D-C480-4F08-8FAC-1263A6936AE3}"
EndProject
Project("{8BC9CEB8-8B4A-11D0-8D11-00A0C91BC942}") = "CL4", "CL4\CL4.vcxproj", "{5EC31168-522A-4AF3-9B30-388A88EBBC0D}"
EndProject
Project("{8BC9CEB8-8B4A-11D0-8D11-00A0C91BC942}") = "!testing", "!testing\!testing.vcxproj", "{1C53FC82-A595-4113-B4CA-3A3DFCA05C07}"
EndProject
Project("{8BC9CEB8-8B4A-11D0-8D11-00A0C91BC942}") = "CL5", "CL5\CL5.vcxproj", "{3BBE743D-1F21-4B1D-8E6F-D236C64D6B35}"
EndProject
Project("{8BC9CEB8-8B4A-11D0-8D11-00A0C91BC942}") = "CL6", "CL6\CL6.vcxproj", "{80BCD6D0-6B46-4704-A43F-5278A9C0BD12}"
EndProject
Project("{8BC9CEB8-8B4A-11D0-8D11-00A0C91BC942}") = "HW5", "HW5\HW5.vcxproj", "{CC624989-DA1F-4652-98C9-F5DC8506472F}"
EndProject
Global
	GlobalSection(SolutionConfigurationPlatforms) = preSolution
		Debug|x64 = Debug|x64
		Debug|x86 = Debug|x86
		Release|x64 = Release|x64
		Release|x86 = Release|x86
	EndGlobalSection
	GlobalSection(ProjectConfigurationPlatforms) = postSolution
		{422AA8D8-59B0-4C40-A017-91C48820C1C1}.Debug|x64.ActiveCfg = Debug|x64
		{422AA8D8-59B0-4C40-A017-91C48820C1C1}.Debug|x64.Build.0 = Debug|x64
		{422AA8D8-59B0-4C40-A017-91C48820C1C1}.Debug|x86.ActiveCfg = Debug|Win32
		{422AA8D8-59B0-4C40-A017-91C48820C1C1}.Debug|x86.Build.0 = Debug|Win32
		{422AA8D8-59B0-4C40-A017-91C48820C1C1}.Release|x64.ActiveCfg = Release|x64
		{422AA8D8-59B0-4C40-A017-91C48820C1C1}.Release|x64.Build.0 = Release|x64
		{422AA8D8-59B0-4C40-A017-91C48820C1C1}.Release|x86.ActiveCfg = Release|Win32
		{422AA8D8-59B0-4C40-A017-91C48820C1C1}.Release|x86.Build.0 = Release|Win32
		{A8B7D15D-C480-4F08-8FAC-1263A6936AE3}.Debug|x64.ActiveCfg = Debug|x64
		{A8B7D15D-C480-4F08-8FAC-1263A6936AE3}.Debug|x64.Build.0 = Debug|x64
		{A8B7D15D-C480-4F08-8FAC-1263A6936AE3}.Debug|x86.ActiveCfg = Debug|Win32
		{A8B7D15D-C480-4F08-8FAC-1263A6936AE3}.Debug|x86.Build.0 = Debug|Win32
		{A8B7D15D-C480-4F08-8FAC-1263A6936AE3}.Release|x64.ActiveCfg = Release|x64
		{A8B7D15D-C480-4F08-8FAC-1263A6936AE3}.Release|x64.Build.0 = Release|x64
		{A8B7D15D-C480-4F08-8FAC-1263A6936AE3}.Release|x86.ActiveCfg = Release|Win32
		{A8B7D15D-C480-4F08-8FAC-1263A6936AE3}.Release|x86.Build.0 = Release|Win32
		{5EC31168-522A-4AF3-9B30-388A88EBBC0D}.Debug|x64.ActiveCfg = Debug|x64
		{5EC31168-522A-4AF3-9B30-388A88EBBC0D}.Debug|x64.Build.0 = Debug|x64
		{5EC31168-522A-4AF3-9B30-388A88EBBC0D}.Debug|x86.ActiveCfg = Debug|Win32
		{5EC31168-522A-4AF3-9B30-388A88EBBC0D}.Debug|x86.Build.0 = Debug|Win32
		{5EC31168-522A-4AF3-9B30-388A88EBBC0D}.Release|x64.ActiveCfg = Release|x64
		{5EC31168-522A-4AF3-9B30-388A88EBBC0D}.Release|x64.Build.0 = Release|x64
		{5EC31168-522A-4AF3-9B30-388A88EBBC0D}.Release|x86.ActiveCfg = Release|Win32
		{5EC31168-522A-4AF3-9B30-388A88EBBC0D}.Release|x86.Build.0 = Release|Win32
		{1C53FC82-A595-4113-B4CA-3A3DFCA05C07}.Debug|x64.ActiveCfg = Debug|x64
		{1C53FC82-A595-4113-B4CA-3A3DFCA05C07}.Debug|x64.Build.0 = Debug|x64
		{1C53FC82-A595-4113-B4CA-3A3DFCA05C07}.Debug|x86.ActiveCfg = Debug|Win32
		{1C53FC82-A595-4113-B4CA-3A3DFCA05C07}.Debug|x86.Build.0 = Debug|Win32
		{1C53FC82-A595-4113-B4CA-3A3DFCA05C07}.Release|x64.ActiveCfg = Release|x64
		{1C53FC82-A595-4113-B4CA-3A3DFCA05C07}.Release|x64.Build.0 = Release|x64
		{1C53FC82-A595-4113-B4CA-3A3DFCA05C07}.Release|x86.ActiveCfg = Release|Win32
		{1C53FC82-A595-4113-B4CA-3A3DFCA05C07}.Release|x86.Build.0 = Release|Win32
		{3BBE743D-1F21-4B1D-8E6F-D236C64D6B35}.Debug|x64.ActiveCfg = Debug|x64
		{3BBE743D-1F21-4B1D-8E6F-D236C64D6B35}.Debug|x64.Build.0 = Debug|x64
		{3BBE743D-1F21-4B1D-8E6F-D236C64D6B35}.Debug|x86.ActiveCfg = Debug|Win32
		{3BBE743D-1F21-4B1D-8E6F-D236C64D6B35}.Debug|x86.Build.0 = Debug|Win32
		{3BBE743D-1F21-4B1D-8E6F-D236C64D6B35}.Release|x64.ActiveCfg = Release|x64
		{3BBE743D-1F21-4B1D-8E6F-D236C64D6B35}.Release|x64.Build.0 = Release|x64
		{3BBE743D-1F21-4B1D-8E6F-D236C64D6B35}.Release|x86.ActiveCfg = Release|Win32
		{3BBE743D-1F21-4B1D-8E6F-D236C64D6B35}.Release|x86.Build.0 = Release|Win32
		{80BCD6D0-6B46-4704-A43F-5278A9C0BD12}.Debug|x64.ActiveCfg = Debug|x64
		{80BCD6D0-6B46-4704-A43F-5278A9C0BD12}.Debug|x64.Build.0 = Debug|x64
		{80BCD6D0-6B46-4704-A43F-5278A9C0BD12}.Debug|x86.ActiveCfg = Debug|Win32
		{80BCD6D0-6B46-4704-A43F-5278A9C0BD12}.Debug|x86.Build.0 = Debug|Win32
		{80BCD6D0-6B46-4704-A43F-5278A9C0BD12}.Release|x64.ActiveCfg = Release|x64
		{80BCD6D0-6B46-4704-A43F-5278A9C0BD12}.Release|x64.Build.0 = Release|x64
		{80BCD6D0-6B46-4704-A43F-5278A9C0BD12}.Release|x86.ActiveCfg = Release|Win32
		{80BCD6D0-6B46-4704-A43F-5278A9C0BD12}.Release|x86.Build.0 = Release|Win32
		{CC624989-DA1F-4652-98C9-F5DC8506472F}.Debug|x64.ActiveCfg = Debug|x64
		{CC624989-DA1F-4652-98C9-F5DC8506472F}.Debug|x64.Build.0 = Debug|x64
		{CC624989-DA1F-4652-98C9-F5DC8506472F}.Debug|x86.ActiveCfg = Debug|Win32
		{CC624989-DA1F-4652-98C9-F5DC8506472F}.Debug|x86.Build.0 = Debug|Win32
		{CC624989-DA1F-4652-98C9-F5DC8506472F}.Release|x64.ActiveCfg = Release|x64
		{CC624989-DA1F-4652-98C9-F5DC8506472F}.Release|x64.Build.0 = Release|x64
		{CC624989-DA1F-4652-98C9-F5DC8506472F}.Release|x86.ActiveCfg = Release|Win32
		{CC624989-DA1F-4652-98C9-F5DC8506472F}.Release|x86.Build.0 = Release|Win32
	EndGlobalSection
	GlobalSection(SolutionProperties) = preSolution
		HideSolutionNode = FALSE
	EndGlobalSection
	GlobalSection(ExtensibilityGlobals) = postSolution
		SolutionGuid = {2D8D3FE2-236A-40E6-AD68-254E8B91916E}
	EndGlobalSection
EndGlobal
